
Microsoft Visual Studio Solution File, Format Version 12.00
# Visual Studio 15
VisualStudioVersion = 15.0.27428.2037
MinimumVisualStudioVersion = 10.0.40219.1
Project("{FAE04EC0-301F-11D3-BF4B-00C04F79EFBC}") = "task1", "task1\task1.csproj", "{FFB56794-91E1-454F-BD90-F37643645C28}"
EndProject
Project("{FAE04EC0-301F-11D3-BF4B-00C04F79EFBC}") = "task2", "task2\task2.csproj", "{1393D126-922D-4445-9E0A-7076316BD544}"
EndProject
Project("{FAE04EC0-301F-11D3-BF4B-00C04F79EFBC}") = "task3", "task3\task3.csproj", "{1738381D-E008-4BBE-BCCD-B1C8824A4BE7}"
EndProject
Project("{FAE04EC0-301F-11D3-BF4B-00C04F79EFBC}") = "task4", "task4\task4.csproj", "{812E1C4A-37EA-43E1-8B7A-D9488B28B6FE}"
EndProject
Global
	GlobalSection(SolutionConfigurationPlatforms) = preSolution
		Debug|Any CPU = Debug|Any CPU
		Release|Any CPU = Release|Any CPU
	EndGlobalSection
	GlobalSection(ProjectConfigurationPlatforms) = postSolution
		{FFB56794-91E1-454F-BD90-F37643645C28}.Debug|Any CPU.ActiveCfg = Debug|Any CPU
		{FFB56794-91E1-454F-BD90-F37643645C28}.Debug|Any CPU.Build.0 = Debug|Any CPU
		{FFB56794-91E1-454F-BD90-F37643645C28}.Release|Any CPU.ActiveCfg = Release|Any CPU
		{FFB56794-91E1-454F-BD90-F37643645C28}.Release|Any CPU.Build.0 = Release|Any CPU
		{1393D126-922D-4445-9E0A-7076316BD544}.Debug|Any CPU.ActiveCfg = Debug|Any CPU
		{1393D126-922D-4445-9E0A-7076316BD544}.Debug|Any CPU.Build.0 = Debug|Any CPU
		{1393D126-922D-4445-9E0A-7076316BD544}.Release|Any CPU.ActiveCfg = Release|Any CPU
		{1393D126-922D-4445-9E0A-7076316BD544}.Release|Any CPU.Build.0 = Release|Any CPU
		{1738381D-E008-4BBE-BCCD-B1C8824A4BE7}.Debug|Any CPU.ActiveCfg = Debug|Any CPU
		{1738381D-E008-4BBE-BCCD-B1C8824A4BE7}.Debug|Any CPU.Build.0 = Debug|Any CPU
		{1738381D-E008-4BBE-BCCD-B1C8824A4BE7}.Release|Any CPU.ActiveCfg = Release|Any CPU
		{1738381D-E008-4BBE-BCCD-B1C8824A4BE7}.Release|Any CPU.Build.0 = Release|Any CPU
		{812E1C4A-37EA-43E1-8B7A-D9488B28B6FE}.Debug|Any CPU.ActiveCfg = Debug|Any CPU
		{812E1C4A-37EA-43E1-8B7A-D9488B28B6FE}.Debug|Any CPU.Build.0 = Debug|Any CPU
		{812E1C4A-37EA-43E1-8B7A-D9488B28B6FE}.Release|Any CPU.ActiveCfg = Release|Any CPU
		{812E1C4A-37EA-43E1-8B7A-D9488B28B6FE}.Release|Any CPU.Build.0 = Release|Any CPU
	EndGlobalSection
	GlobalSection(SolutionProperties) = preSolution
		HideSolutionNode = FALSE
	EndGlobalSection
	GlobalSection(ExtensibilityGlobals) = postSolution
		SolutionGuid = {3F2B05DF-BB78-469E-84D5-D39A350EEEAA}
	EndGlobalSection
EndGlobal
